{"filter":false,"title":"Gemfile.lock","tooltip":"/Rails/test_app/Gemfile.lock","undoManager":{"mark":1,"position":1,"stack":[[{"start":{"row":168,"column":9},"end":{"row":168,"column":20},"action":"insert","lines":[" (~> 1.4.2)"],"id":2,"ignore":true}],[{"start":{"row":134,"column":15},"end":{"row":134,"column":18},"action":"remove","lines":["4.2"],"id":5,"ignore":true},{"start":{"row":134,"column":15},"end":{"row":134,"column":19},"action":"insert","lines":["3.13"]},{"start":{"row":168,"column":16},"end":{"row":168,"column":19},"action":"remove","lines":["4.2"]},{"start":{"row":168,"column":16},"end":{"row":168,"column":20},"action":"insert","lines":["3.13"]}]]},"ace":{"folds":[],"scrolltop":2522.5,"scrollleft":0,"selection":{"start":{"row":168,"column":2},"end":{"row":168,"column":9},"isBackwards":false},"options":{"guessTabSize":true,"useWrapMode":false,"wrapToView":true},"firstLineState":{"row":156,"state":"start","mode":"ace/mode/text"}},"timestamp":1578951818298,"hash":"54b1a589a70c259282beddba5a00b3dfb61e5196"}