{"filter":false,"title":"Gemfile.lock","tooltip":"/Rails/alpha-blog/Gemfile.lock","undoManager":{"mark":1,"position":1,"stack":[[{"start":{"row":3,"column":10},"end":{"row":7,"column":10},"action":"insert","lines":["cable (5.0.7.2)","      actionpack (= 5.0.7.2)","      nio4r (>= 1.2, < 3.0)","      websocket-driver (~> 0.6.1)","    action"],"id":2},{"start":{"row":7,"column":18},"end":{"row":7,"column":19},"action":"remove","lines":["4"]},{"start":{"row":7,"column":18},"end":{"row":7,"column":23},"action":"insert","lines":["5.0.7"]},{"start":{"row":7,"column":25},"end":{"row":7,"column":27},"action":"remove","lines":[".3"]},{"start":{"row":8,"column":20},"end":{"row":8,"column":21},"action":"remove","lines":["4"]},{"start":{"row":8,"column":20},"end":{"row":8,"column":25},"action":"insert","lines":["5.0.7"]},{"start":{"row":8,"column":27},"end":{"row":8,"column":29},"action":"remove","lines":[".3"]},{"start":{"row":9,"column":20},"end":{"row":9,"column":21},"action":"remove","lines":["4"]},{"start":{"row":9,"column":20},"end":{"row":9,"column":21},"action":"insert","lines":["5"]},{"start":{"row":9,"column":22},"end":{"row":9,"column":23},"action":"remove","lines":["2"]},{"start":{"row":9,"column":22},"end":{"row":9,"column":25},"action":"insert","lines":["0.7"]},{"start":{"row":9,"column":26},"end":{"row":9,"column":27},"action":"remove","lines":["3"]},{"start":{"row":9,"column":26},"end":{"row":9,"column":27},"action":"insert","lines":["2"]},{"start":{"row":10,"column":19},"end":{"row":10,"column":20},"action":"remove","lines":["4"]},{"start":{"row":10,"column":19},"end":{"row":10,"column":20},"action":"insert","lines":["5"]},{"start":{"row":10,"column":21},"end":{"row":10,"column":22},"action":"remove","lines":["2"]},{"start":{"row":10,"column":21},"end":{"row":10,"column":22},"action":"insert","lines":["0"]},{"start":{"row":10,"column":23},"end":{"row":10,"column":24},"action":"remove","lines":["3"]},{"start":{"row":10,"column":23},"end":{"row":10,"column":26},"action":"insert","lines":["7.2"]},{"start":{"row":12,"column":28},"end":{"row":12,"column":37},"action":"remove","lines":["1.0, >= 1"]},{"start":{"row":12,"column":28},"end":{"row":12,"column":29},"action":"insert","lines":["2"]},{"start":{"row":12,"column":31},"end":{"row":12,"column":33},"action":"remove","lines":[".5"]},{"start":{"row":13,"column":16},"end":{"row":13,"column":17},"action":"remove","lines":["4"]},{"start":{"row":13,"column":16},"end":{"row":13,"column":17},"action":"insert","lines":["5"]},{"start":{"row":13,"column":18},"end":{"row":13,"column":19},"action":"remove","lines":["2"]},{"start":{"row":13,"column":18},"end":{"row":13,"column":19},"action":"insert","lines":["0"]},{"start":{"row":13,"column":20},"end":{"row":13,"column":21},"action":"remove","lines":["3"]},{"start":{"row":13,"column":20},"end":{"row":13,"column":23},"action":"insert","lines":["7.2"]},{"start":{"row":14,"column":20},"end":{"row":14,"column":21},"action":"remove","lines":["4"]},{"start":{"row":14,"column":20},"end":{"row":14,"column":25},"action":"insert","lines":["5.0.7"]},{"start":{"row":14,"column":27},"end":{"row":14,"column":29},"action":"remove","lines":[".3"]},{"start":{"row":15,"column":23},"end":{"row":15,"column":24},"action":"remove","lines":["4"]},{"start":{"row":15,"column":23},"end":{"row":15,"column":28},"action":"insert","lines":["5.0.7"]},{"start":{"row":15,"column":30},"end":{"row":15,"column":32},"action":"remove","lines":[".3"]},{"start":{"row":16,"column":15},"end":{"row":16,"column":16},"action":"remove","lines":["1"]},{"start":{"row":16,"column":15},"end":{"row":16,"column":16},"action":"insert","lines":["2"]},{"start":{"row":16,"column":17},"end":{"row":16,"column":18},"action":"remove","lines":["6"]},{"start":{"row":16,"column":17},"end":{"row":16,"column":18},"action":"insert","lines":["0"]},{"start":{"row":17,"column":24},"end":{"row":17,"column":25},"action":"remove","lines":["2"]},{"start":{"row":17,"column":24},"end":{"row":17,"column":25},"action":"insert","lines":["3"]},{"start":{"row":18,"column":28},"end":{"row":18,"column":37},"action":"remove","lines":["1.0, >= 1"]},{"start":{"row":18,"column":28},"end":{"row":18,"column":29},"action":"insert","lines":["2"]},{"start":{"row":18,"column":31},"end":{"row":18,"column":33},"action":"remove","lines":[".5"]},{"start":{"row":20,"column":16},"end":{"row":20,"column":17},"action":"remove","lines":["4"]},{"start":{"row":20,"column":16},"end":{"row":20,"column":17},"action":"insert","lines":["5"]},{"start":{"row":20,"column":18},"end":{"row":20,"column":19},"action":"remove","lines":["2"]},{"start":{"row":20,"column":18},"end":{"row":20,"column":19},"action":"insert","lines":["0"]},{"start":{"row":20,"column":20},"end":{"row":20,"column":21},"action":"remove","lines":["3"]},{"start":{"row":20,"column":20},"end":{"row":20,"column":23},"action":"insert","lines":["7.2"]},{"start":{"row":21,"column":23},"end":{"row":21,"column":24},"action":"remove","lines":["4"]},{"start":{"row":21,"column":23},"end":{"row":21,"column":24},"action":"insert","lines":["5"]},{"start":{"row":21,"column":25},"end":{"row":21,"column":26},"action":"remove","lines":["2"]},{"start":{"row":21,"column":25},"end":{"row":21,"column":28},"action":"insert","lines":["0.7"]},{"start":{"row":21,"column":29},"end":{"row":21,"column":30},"action":"remove","lines":["3"]},{"start":{"row":21,"column":29},"end":{"row":21,"column":30},"action":"insert","lines":["2"]},{"start":{"row":24,"column":28},"end":{"row":24,"column":29},"action":"remove","lines":["1"]},{"start":{"row":24,"column":28},"end":{"row":24,"column":29},"action":"insert","lines":["2"]},{"start":{"row":24,"column":31},"end":{"row":24,"column":41},"action":"remove","lines":[", >= 1.0.5"]},{"start":{"row":25,"column":43},"end":{"row":25,"column":44},"action":"remove","lines":["2"]},{"start":{"row":25,"column":43},"end":{"row":25,"column":44},"action":"insert","lines":["3"]},{"start":{"row":26,"column":15},"end":{"row":26,"column":16},"action":"remove","lines":["4"]},{"start":{"row":26,"column":15},"end":{"row":26,"column":16},"action":"insert","lines":["5"]},{"start":{"row":26,"column":17},"end":{"row":26,"column":18},"action":"remove","lines":["2"]},{"start":{"row":26,"column":17},"end":{"row":26,"column":18},"action":"insert","lines":["0"]},{"start":{"row":26,"column":19},"end":{"row":26,"column":20},"action":"remove","lines":["3"]},{"start":{"row":26,"column":19},"end":{"row":26,"column":22},"action":"insert","lines":["7.2"]},{"start":{"row":27,"column":23},"end":{"row":27,"column":24},"action":"remove","lines":["4"]},{"start":{"row":27,"column":23},"end":{"row":27,"column":26},"action":"insert","lines":["5.0"]},{"start":{"row":27,"column":27},"end":{"row":27,"column":28},"action":"remove","lines":["2"]},{"start":{"row":27,"column":27},"end":{"row":27,"column":28},"action":"insert","lines":["7"]},{"start":{"row":27,"column":29},"end":{"row":27,"column":30},"action":"remove","lines":["3"]},{"start":{"row":27,"column":29},"end":{"row":27,"column":30},"action":"insert","lines":["2"]},{"start":{"row":28,"column":23},"end":{"row":28,"column":24},"action":"remove","lines":["0"]},{"start":{"row":28,"column":23},"end":{"row":28,"column":24},"action":"insert","lines":["6"]},{"start":{"row":29,"column":17},"end":{"row":29,"column":18},"action":"remove","lines":["4"]},{"start":{"row":29,"column":17},"end":{"row":29,"column":22},"action":"insert","lines":["5.0.7"]},{"start":{"row":29,"column":24},"end":{"row":29,"column":26},"action":"remove","lines":[".3"]},{"start":{"row":30,"column":23},"end":{"row":30,"column":24},"action":"remove","lines":["4"]},{"start":{"row":30,"column":23},"end":{"row":30,"column":24},"action":"insert","lines":["5"]},{"start":{"row":30,"column":25},"end":{"row":30,"column":26},"action":"remove","lines":["2"]},{"start":{"row":30,"column":25},"end":{"row":30,"column":26},"action":"insert","lines":["0"]},{"start":{"row":30,"column":27},"end":{"row":31,"column":19},"action":"remove","lines":["3)","      builder (~> 3"]},{"start":{"row":30,"column":27},"end":{"row":30,"column":28},"action":"insert","lines":["7"]},{"start":{"row":30,"column":29},"end":{"row":30,"column":30},"action":"remove","lines":["1"]},{"start":{"row":30,"column":29},"end":{"row":30,"column":30},"action":"insert","lines":["2"]},{"start":{"row":31,"column":18},"end":{"row":31,"column":19},"action":"remove","lines":["4"]},{"start":{"row":31,"column":18},"end":{"row":31,"column":23},"action":"insert","lines":["5.0.7"]},{"start":{"row":31,"column":25},"end":{"row":31,"column":27},"action":"remove","lines":[".3"]},{"start":{"row":32,"column":21},"end":{"row":32,"column":22},"action":"remove","lines":["4"]},{"start":{"row":32,"column":21},"end":{"row":32,"column":26},"action":"insert","lines":["5.0.7"]},{"start":{"row":32,"column":28},"end":{"row":32,"column":30},"action":"remove","lines":[".3"]},{"start":{"row":33,"column":23},"end":{"row":33,"column":24},"action":"remove","lines":["4"]},{"start":{"row":33,"column":23},"end":{"row":33,"column":24},"action":"insert","lines":["5"]},{"start":{"row":33,"column":25},"end":{"row":33,"column":26},"action":"remove","lines":["2"]},{"start":{"row":33,"column":25},"end":{"row":33,"column":26},"action":"insert","lines":["0"]},{"start":{"row":33,"column":27},"end":{"row":33,"column":28},"action":"remove","lines":["3"]},{"start":{"row":33,"column":27},"end":{"row":33,"column":30},"action":"insert","lines":["7.2"]},{"start":{"row":34,"column":15},"end":{"row":34,"column":16},"action":"remove","lines":["6"]},{"start":{"row":34,"column":15},"end":{"row":34,"column":16},"action":"insert","lines":["7"]},{"start":{"row":35,"column":19},"end":{"row":35,"column":20},"action":"remove","lines":["4"]},{"start":{"row":35,"column":19},"end":{"row":35,"column":20},"action":"insert","lines":["5"]},{"start":{"row":35,"column":21},"end":{"row":36,"column":15},"action":"remove","lines":["2.3)","      i18n (~> "]},{"start":{"row":35,"column":24},"end":{"row":35,"column":26},"action":"insert","lines":[".2"]},{"start":{"row":36,"column":6},"end":{"row":36,"column":8},"action":"remove","lines":["js"]},{"start":{"row":36,"column":6},"end":{"row":36,"column":7},"action":"insert","lines":["c"]},{"start":{"row":36,"column":9},"end":{"row":36,"column":21},"action":"insert","lines":["current-ruby"]},{"start":{"row":36,"column":28},"end":{"row":36,"column":29},"action":"remove","lines":["7"]},{"start":{"row":36,"column":28},"end":{"row":36,"column":29},"action":"insert","lines":["0"]},{"start":{"row":36,"column":36},"end":{"row":36,"column":37},"action":"remove","lines":["7"]},{"start":{"row":36,"column":36},"end":{"row":36,"column":37},"action":"insert","lines":["0"]},{"start":{"row":36,"column":38},"end":{"row":36,"column":39},"action":"remove","lines":["7"]},{"start":{"row":36,"column":38},"end":{"row":36,"column":39},"action":"insert","lines":["2"]},{"start":{"row":37,"column":6},"end":{"row":37,"column":7},"action":"remove","lines":["m"]},{"start":{"row":37,"column":7},"end":{"row":37,"column":9},"action":"insert","lines":["18"]},{"start":{"row":37,"column":10},"end":{"row":37,"column":15},"action":"remove","lines":["itest"]},{"start":{"row":37,"column":12},"end":{"row":37,"column":13},"action":"remove","lines":["~"]},{"start":{"row":37,"column":13},"end":{"row":37,"column":14},"action":"insert","lines":["="]},{"start":{"row":37,"column":15},"end":{"row":37,"column":16},"action":"remove","lines":["5"]},{"start":{"row":37,"column":15},"end":{"row":37,"column":16},"action":"insert","lines":["0"]},{"start":{"row":37,"column":17},"end":{"row":37,"column":18},"action":"remove","lines":["1"]},{"start":{"row":37,"column":17},"end":{"row":37,"column":23},"action":"insert","lines":["7, < 2"]},{"start":{"row":38,"column":6},"end":{"row":38,"column":10},"action":"insert","lines":["mini"]},{"start":{"row":38,"column":11},"end":{"row":38,"column":13},"action":"remove","lines":["hr"]},{"start":{"row":38,"column":12},"end":{"row":38,"column":15},"action":"remove","lines":["ad_"]},{"start":{"row":38,"column":13},"end":{"row":38,"column":16},"action":"remove","lines":["afe"]},{"start":{"row":38,"column":13},"end":{"row":38,"column":14},"action":"insert","lines":["t"]},{"start":{"row":38,"column":19},"end":{"row":38,"column":20},"action":"remove","lines":["0"]},{"start":{"row":38,"column":19},"end":{"row":38,"column":20},"action":"insert","lines":["5"]},{"start":{"row":38,"column":21},"end":{"row":38,"column":32},"action":"remove","lines":["3, >= 0.3.4"]},{"start":{"row":38,"column":21},"end":{"row":38,"column":22},"action":"insert","lines":["1"]},{"start":{"row":40,"column":10},"end":{"row":40,"column":11},"action":"remove","lines":["6"]},{"start":{"row":40,"column":10},"end":{"row":40,"column":11},"action":"insert","lines":["7"]},{"start":{"row":40,"column":12},"end":{"row":41,"column":12},"action":"insert","lines":["1.4)","    bindex ("]},{"start":{"row":41,"column":14},"end":{"row":41,"column":15},"action":"remove","lines":["4"]},{"start":{"row":41,"column":14},"end":{"row":41,"column":17},"action":"insert","lines":["8.1"]},{"start":{"row":53,"column":0},"end":{"row":54,"column":0},"action":"remove","lines":["    debug_inspector (0.0.3)",""]},{"start":{"row":58,"column":10},"end":{"row":58,"column":11},"action":"remove","lines":["0"]},{"start":{"row":58,"column":10},"end":{"row":58,"column":11},"action":"insert","lines":["1"]},{"start":{"row":58,"column":12},"end":{"row":58,"column":13},"action":"remove","lines":["9"]},{"start":{"row":58,"column":12},"end":{"row":58,"column":13},"action":"insert","lines":["8"]},{"start":{"row":58,"column":14},"end":{"row":58,"column":15},"action":"remove","lines":["5"]},{"start":{"row":58,"column":14},"end":{"row":58,"column":15},"action":"insert","lines":["2"]},{"start":{"row":66,"column":0},"end":{"row":67,"column":0},"action":"remove","lines":["    json (1.8.6)",""]},{"start":{"row":74,"column":0},"end":{"row":75,"column":0},"action":"insert","lines":["    method_source (0.9.2)",""]},{"start":{"row":78,"column":0},"end":{"row":79,"column":0},"action":"insert","lines":["    nio4r (2.5.2)",""]},{"start":{"row":83,"column":10},"end":{"row":83,"column":12},"action":"insert","lines":["2."]},{"start":{"row":83,"column":14},"end":{"row":83,"column":16},"action":"remove","lines":["6."]},{"start":{"row":83,"column":15},"end":{"row":83,"column":16},"action":"remove","lines":["2"]},{"start":{"row":86,"column":11},"end":{"row":86,"column":12},"action":"remove","lines":["4"]},{"start":{"row":86,"column":11},"end":{"row":86,"column":16},"action":"insert","lines":["5.0.7"]},{"start":{"row":86,"column":18},"end":{"row":87,"column":24},"action":"insert","lines":[")","      actioncable (= 5.0"]},{"start":{"row":87,"column":25},"end":{"row":87,"column":26},"action":"remove","lines":["3"]},{"start":{"row":87,"column":25},"end":{"row":87,"column":28},"action":"insert","lines":["7.2"]},{"start":{"row":88,"column":22},"end":{"row":88,"column":23},"action":"remove","lines":["4"]},{"start":{"row":88,"column":22},"end":{"row":88,"column":23},"action":"insert","lines":["5"]},{"start":{"row":88,"column":24},"end":{"row":88,"column":25},"action":"remove","lines":["2"]},{"start":{"row":88,"column":24},"end":{"row":88,"column":25},"action":"insert","lines":["0"]},{"start":{"row":88,"column":26},"end":{"row":88,"column":27},"action":"remove","lines":["3"]},{"start":{"row":88,"column":26},"end":{"row":88,"column":29},"action":"insert","lines":["7.2"]},{"start":{"row":89,"column":20},"end":{"row":89,"column":21},"action":"remove","lines":["4"]},{"start":{"row":89,"column":20},"end":{"row":89,"column":25},"action":"insert","lines":["5.0.7"]},{"start":{"row":89,"column":27},"end":{"row":89,"column":29},"action":"remove","lines":[".3"]},{"start":{"row":90,"column":20},"end":{"row":90,"column":21},"action":"remove","lines":["4"]},{"start":{"row":90,"column":20},"end":{"row":90,"column":21},"action":"insert","lines":["5"]},{"start":{"row":90,"column":22},"end":{"row":90,"column":23},"action":"remove","lines":["2"]},{"start":{"row":90,"column":22},"end":{"row":90,"column":25},"action":"insert","lines":["0.7"]},{"start":{"row":90,"column":26},"end":{"row":90,"column":27},"action":"remove","lines":["3"]},{"start":{"row":90,"column":26},"end":{"row":90,"column":27},"action":"insert","lines":["2"]},{"start":{"row":91,"column":19},"end":{"row":91,"column":20},"action":"remove","lines":["4"]},{"start":{"row":91,"column":19},"end":{"row":91,"column":24},"action":"insert","lines":["5.0.7"]},{"start":{"row":91,"column":26},"end":{"row":91,"column":28},"action":"remove","lines":[".3"]},{"start":{"row":92,"column":21},"end":{"row":92,"column":22},"action":"remove","lines":["4"]},{"start":{"row":92,"column":21},"end":{"row":92,"column":26},"action":"insert","lines":["5.0.7"]},{"start":{"row":92,"column":28},"end":{"row":92,"column":30},"action":"remove","lines":[".3"]},{"start":{"row":93,"column":22},"end":{"row":93,"column":23},"action":"remove","lines":["4"]},{"start":{"row":93,"column":22},"end":{"row":93,"column":27},"action":"insert","lines":["5.0.7"]},{"start":{"row":93,"column":29},"end":{"row":93,"column":31},"action":"remove","lines":[".3"]},{"start":{"row":94,"column":23},"end":{"row":94,"column":24},"action":"remove","lines":["4"]},{"start":{"row":94,"column":23},"end":{"row":94,"column":28},"action":"insert","lines":["5.0.7"]},{"start":{"row":94,"column":30},"end":{"row":94,"column":32},"action":"remove","lines":[".3"]},{"start":{"row":95,"column":23},"end":{"row":95,"column":30},"action":"remove","lines":[", < 2.0"]},{"start":{"row":96,"column":18},"end":{"row":96,"column":19},"action":"remove","lines":["4"]},{"start":{"row":96,"column":18},"end":{"row":96,"column":21},"action":"insert","lines":["5.0"]},{"start":{"row":96,"column":22},"end":{"row":96,"column":23},"action":"remove","lines":["2"]},{"start":{"row":96,"column":22},"end":{"row":96,"column":23},"action":"insert","lines":["7"]},{"start":{"row":96,"column":24},"end":{"row":96,"column":25},"action":"remove","lines":["3"]},{"start":{"row":96,"column":24},"end":{"row":96,"column":25},"action":"insert","lines":["2"]},{"start":{"row":97,"column":21},"end":{"row":99,"column":19},"action":"remove","lines":["","    rails-deprecated_sanitizer (1.0.3)","      activesupport"]},{"start":{"row":97,"column":26},"end":{"row":97,"column":28},"action":"remove","lines":["4."]},{"start":{"row":97,"column":30},"end":{"row":97,"column":35},"action":"remove","lines":["alpha"]},{"start":{"row":97,"column":30},"end":{"row":97,"column":31},"action":"insert","lines":["0"]},{"start":{"row":98,"column":23},"end":{"row":98,"column":24},"action":"remove","lines":["1"]},{"start":{"row":98,"column":23},"end":{"row":98,"column":24},"action":"insert","lines":["2"]},{"start":{"row":98,"column":27},"end":{"row":98,"column":28},"action":"remove","lines":["9"]},{"start":{"row":98,"column":27},"end":{"row":98,"column":28},"action":"insert","lines":["3"]},{"start":{"row":99,"column":29},"end":{"row":99,"column":36},"action":"remove","lines":[", < 5.0"]},{"start":{"row":100,"column":16},"end":{"row":101,"column":34},"action":"remove","lines":["~> 1.6)","      rails-deprecated_sanitizer ("]},{"start":{"row":100,"column":21},"end":{"row":100,"column":24},"action":"remove","lines":["0.1"]},{"start":{"row":100,"column":21},"end":{"row":100,"column":22},"action":"insert","lines":["6"]},{"start":{"row":103,"column":8},"end":{"row":103,"column":15},"action":"remove","lines":["s_12fac"]},{"start":{"row":103,"column":9},"end":{"row":104,"column":8},"action":"remove","lines":["or (0.0.3)","      ra"]},{"start":{"row":103,"column":10},"end":{"row":103,"column":14},"action":"remove","lines":["ls_s"]},{"start":{"row":103,"column":11},"end":{"row":105,"column":28},"action":"remove","lines":["rve_static_assets","      rails_stdout_logging","    rails_serve_static_asset"]},{"start":{"row":103,"column":14},"end":{"row":103,"column":18},"action":"remove","lines":["0.0."]},{"start":{"row":103,"column":15},"end":{"row":104,"column":27},"action":"remove","lines":[")","    rails_stdout_logging (0"]},{"start":{"row":103,"column":18},"end":{"row":104,"column":15},"action":"remove","lines":["5)","    railties (4"]},{"start":{"row":103,"column":18},"end":{"row":103,"column":19},"action":"insert","lines":["7"]},{"start":{"row":103,"column":21},"end":{"row":103,"column":23},"action":"remove","lines":[".3"]},{"start":{"row":104,"column":20},"end":{"row":104,"column":21},"action":"remove","lines":["4"]},{"start":{"row":104,"column":20},"end":{"row":104,"column":25},"action":"insert","lines":["5.0.7"]},{"start":{"row":104,"column":27},"end":{"row":104,"column":29},"action":"remove","lines":[".3"]},{"start":{"row":105,"column":23},"end":{"row":105,"column":24},"action":"remove","lines":["4"]},{"start":{"row":105,"column":23},"end":{"row":105,"column":28},"action":"insert","lines":["5.0.7"]},{"start":{"row":105,"column":30},"end":{"row":105,"column":32},"action":"remove","lines":[".3"]},{"start":{"row":105,"column":31},"end":{"row":106,"column":19},"action":"insert","lines":["","      method_source"]},{"start":{"row":146,"column":19},"end":{"row":146,"column":20},"action":"remove","lines":["3"]},{"start":{"row":146,"column":19},"end":{"row":147,"column":22},"action":"insert","lines":["7.0)","      actionview (>= 5"]},{"start":{"row":148,"column":22},"end":{"row":148,"column":23},"action":"remove","lines":["4"]},{"start":{"row":148,"column":22},"end":{"row":148,"column":23},"action":"insert","lines":["5"]},{"start":{"row":148,"column":24},"end":{"row":148,"column":25},"action":"remove","lines":["2"]},{"start":{"row":148,"column":24},"end":{"row":148,"column":25},"action":"insert","lines":["0"]},{"start":{"row":149,"column":6},"end":{"row":149,"column":8},"action":"remove","lines":["de"]},{"start":{"row":149,"column":7},"end":{"row":149,"column":10},"action":"remove","lines":["ug_"]},{"start":{"row":149,"column":9},"end":{"row":149,"column":11},"action":"remove","lines":["sp"]},{"start":{"row":149,"column":9},"end":{"row":149,"column":10},"action":"insert","lines":["d"]},{"start":{"row":149,"column":11},"end":{"row":149,"column":15},"action":"remove","lines":["ctor"]},{"start":{"row":149,"column":11},"end":{"row":149,"column":23},"action":"insert","lines":["x (>= 0.4.0)"]},{"start":{"row":150,"column":19},"end":{"row":150,"column":20},"action":"remove","lines":["4"]},{"start":{"row":150,"column":19},"end":{"row":150,"column":20},"action":"insert","lines":["5"]},{"start":{"row":150,"column":21},"end":{"row":150,"column":22},"action":"remove","lines":["2"]},{"start":{"row":150,"column":21},"end":{"row":153,"column":31},"action":"insert","lines":["0)","    websocket-driver (0.6.5)","      websocket-extensions (>= 0.1.0)","    websocket-extensions (0.1.4"]},{"start":{"row":166,"column":9},"end":{"row":166,"column":10},"action":"remove","lines":["="]},{"start":{"row":166,"column":9},"end":{"row":166,"column":11},"action":"insert","lines":["~>"]},{"start":{"row":166,"column":12},"end":{"row":166,"column":13},"action":"remove","lines":["4"]},{"start":{"row":166,"column":12},"end":{"row":166,"column":13},"action":"insert","lines":["5"]},{"start":{"row":166,"column":14},"end":{"row":166,"column":15},"action":"remove","lines":["2"]},{"start":{"row":166,"column":14},"end":{"row":166,"column":15},"action":"insert","lines":["0"]},{"start":{"row":166,"column":16},"end":{"row":167,"column":0},"action":"remove","lines":["3)",""]},{"start":{"row":166,"column":16},"end":{"row":166,"column":18},"action":"insert","lines":["7,"]},{"start":{"row":166,"column":19},"end":{"row":166,"column":21},"action":"insert","lines":[">="]},{"start":{"row":166,"column":22},"end":{"row":166,"column":29},"action":"remove","lines":["rails_1"]},{"start":{"row":166,"column":22},"end":{"row":166,"column":28},"action":"insert","lines":["5.0.7."]},{"start":{"row":166,"column":29},"end":{"row":166,"column":35},"action":"remove","lines":["factor"]},{"start":{"row":166,"column":29},"end":{"row":166,"column":30},"action":"insert","lines":[")"]}],[{"start":{"row":175,"column":0},"end":{"row":177,"column":9},"action":"remove","lines":["","BUNDLED WITH","   1.17.3"],"id":3},{"start":{"row":174,"column":24},"end":{"row":175,"column":0},"action":"remove","lines":["",""]}]]},"ace":{"folds":[],"scrolltop":2624.5,"scrollleft":0,"selection":{"start":{"row":174,"column":24},"end":{"row":174,"column":24},"isBackwards":false},"options":{"guessTabSize":true,"useWrapMode":false,"wrapToView":true},"firstLineState":{"row":33,"state":"start","mode":"ace/mode/text"}},"timestamp":1579033036296,"hash":"da5c773a102cf27b14e26da270fd1afd7d7b1d09"}