{"filter":false,"title":"Gemfile.lock","tooltip":"/Rails/alpha-blog/Gemfile.lock","undoManager":{"mark":1,"position":1,"stack":[[{"start":{"row":66,"column":0},"end":{"row":67,"column":0},"action":"insert","lines":["    libv8 (3.16.14.19)",""],"id":7,"ignore":true},{"start":{"row":114,"column":0},"end":{"row":115,"column":0},"action":"insert","lines":["    ref (2.0.0)",""]},{"start":{"row":138,"column":0},"end":{"row":141,"column":0},"action":"insert","lines":["    therubyracer (0.12.3)","      libv8 (~> 3.16.14.15)","      ref",""]},{"start":{"row":176,"column":0},"end":{"row":177,"column":0},"action":"insert","lines":["  therubyracer",""]}],[{"start":{"row":115,"column":0},"end":{"row":116,"column":0},"action":"insert","lines":["    ruby (0.1.0)",""],"id":8,"ignore":true},{"start":{"row":173,"column":0},"end":{"row":174,"column":0},"action":"insert","lines":["  ruby",""]}]]},"ace":{"folds":[],"scrolltop":0,"scrollleft":0,"selection":{"start":{"row":46,"column":6},"end":{"row":46,"column":14},"isBackwards":false},"options":{"guessTabSize":true,"useWrapMode":false,"wrapToView":true},"firstLineState":0},"timestamp":1579033109963,"hash":"fe552fbeba16644f049efa77cc89e611824275e1"}